
Microsoft Visual Studio Solution File, Format Version 12.00
# Visual Studio Version 17
VisualStudioVersion = 17.10.35122.118
MinimumVisualStudioVersion = 10.0.40219.1
Project("{FAE04EC0-301F-11D3-BF4B-00C04F79EFBC}") = "EmployeeAdminWebApi", "EmployeeAdminWebApi\EmployeeAdminWebApi.csproj", "{F633C9BD-5888-4575-B348-698DECEE37C4}"
EndProject
Global
	GlobalSection(SolutionConfigurationPlatforms) = preSolution
		Debug|Any CPU = Debug|Any CPU
		Release|Any CPU = Release|Any CPU
	EndGlobalSection
	GlobalSection(ProjectConfigurationPlatforms) = postSolution
		{F633C9BD-5888-4575-B348-698DECEE37C4}.Debug|Any CPU.ActiveCfg = Debug|Any CPU
		{F633C9BD-5888-4575-B348-698DECEE37C4}.Debug|Any CPU.Build.0 = Debug|Any CPU
		{F633C9BD-5888-4575-B348-698DECEE37C4}.Release|Any CPU.ActiveCfg = Release|Any CPU
		{F633C9BD-5888-4575-B348-698DECEE37C4}.Release|Any CPU.Build.0 = Release|Any CPU
	EndGlobalSection
	GlobalSection(SolutionProperties) = preSolution
		HideSolutionNode = FALSE
	EndGlobalSection
	GlobalSection(ExtensibilityGlobals) = postSolution
		SolutionGuid = {19A3F183-3B2C-4263-9750-CEB6DBD4278E}
	EndGlobalSection
EndGlobal
